
Microsoft Visual Studio Solution File, Format Version 12.00
# Visual Studio Version 16
VisualStudioVersion = 16.0.31112.23
MinimumVisualStudioVersion = 10.0.40219.1
Project("{9A19103F-16F7-4668-BE54-9A1E7A4F7556}") = "Yu.Toolkit.RegionCode", "Yu.Toolkit.RegionCode\Yu.Toolkit.RegionCode.csproj", "{997C9FA9-C76D-4C82-AEF6-3ACF6ACD9A02}"
EndProject
Project("{9A19103F-16F7-4668-BE54-9A1E7A4F7556}") = "Yu.Toolkit.RegionCode.Test", "Yu.Toolkit.RegionCode.Test\Yu.Toolkit.RegionCode.Test.csproj", "{B0E04297-4E3E-4685-9A01-9FC55756DF3B}"
EndProject
Project("{9A19103F-16F7-4668-BE54-9A1E7A4F7556}") = "Yu.Toolkit.App", "Yu.Toolkit.App\Yu.Toolkit.App.csproj", "{BE3B6E44-CE5F-490C-AD0A-D14BD71102B4}"
EndProject
Project("{9A19103F-16F7-4668-BE54-9A1E7A4F7556}") = "Yu.Toolkit.UnifiedSocialCreditIdentifier", "Yu.Toolkit.UnifiedSocialCreditIdentifier\Yu.Toolkit.UnifiedSocialCreditIdentifier.csproj", "{81E21D79-2631-4CE3-A66A-42B4B86BEA89}"
EndProject
Project("{9A19103F-16F7-4668-BE54-9A1E7A4F7556}") = "Yu.Toolkit.UnifiedSocialCreditIdentifier.Test", "Yu.Toolkit.UnifiedSocialCreditIdentifier.Test\Yu.Toolkit.UnifiedSocialCreditIdentifier.Test.csproj", "{F3293947-2A7C-4AF5-981B-416BE1203478}"
EndProject
Project("{9A19103F-16F7-4668-BE54-9A1E7A4F7556}") = "Yu.Toolkit.CitizenIdentificationNumber", "Yu.Toolkit.CitizenIdentificationNumber\Yu.Toolkit.CitizenIdentificationNumber.csproj", "{78744770-4022-43A8-986B-AF74B333CFDA}"
EndProject
Project("{9A19103F-16F7-4668-BE54-9A1E7A4F7556}") = "Yu.Toolkit.CitizenIdentificationNumber.Test", "Yu.Toolkit.CitizenIdentificationNumber.Test\Yu.Toolkit.CitizenIdentificationNumber.Test.csproj", "{7F7ED935-A27E-4719-A339-39940DC4C893}"
EndProject
Project("{9A19103F-16F7-4668-BE54-9A1E7A4F7556}") = "Yu.Toolkit.CitizenIdentificationImage", "Yu.Toolkit.CitizenIdentificationImage\Yu.Toolkit.CitizenIdentificationImage.csproj", "{F25EA38F-CD78-4F35-AFCF-6B95E9C2EDEE}"
EndProject
Project("{9A19103F-16F7-4668-BE54-9A1E7A4F7556}") = "Yu.Toolkit.NameGenerator", "Yu.Toolkit.NameGenerator\Yu.Toolkit.NameGenerator.csproj", "{209D54F8-43E6-4DEC-9CB1-94002A86A2E6}"
EndProject
Project("{9A19103F-16F7-4668-BE54-9A1E7A4F7556}") = "Yu.Toolkit.NameGeneratorTest", "Yu.Toolkit.NameGeneratorTest\Yu.Toolkit.NameGeneratorTest.csproj", "{98A064DA-788B-43CD-ACEA-ADC795663B52}"
EndProject
Project("{9A19103F-16F7-4668-BE54-9A1E7A4F7556}") = "Yu.Toolkit.BankCardNumber", "Yu.Toolkit.BankCardNumber\Yu.Toolkit.BankCardNumber.csproj", "{D585EF90-0FE0-48B7-941D-94AFA2D3BA6A}"
EndProject
Project("{9A19103F-16F7-4668-BE54-9A1E7A4F7556}") = "Yu.Toolkit.BankCardNumber.Test", "Yu.Toolkit.BankCardNumber.Test\Yu.Toolkit.BankCardNumber.Test.csproj", "{46898429-A16C-4937-8D92-3E32D35017EC}"
EndProject
Project("{FAE04EC0-301F-11D3-BF4B-00C04F79EFBC}") = "Yu.Toolkit.PhoneNumber", "Yu.Toolkit.PhoneNumber\Yu.Toolkit.PhoneNumber.csproj", "{F8D1F3C6-6EAD-404E-A2A2-4D5E2DDEFD8A}"
EndProject
Project("{FAE04EC0-301F-11D3-BF4B-00C04F79EFBC}") = "Yu.Toolkit.PhoneNumber.Test", "Yu.Toolkit.PhoneNumber.Test\Yu.Toolkit.PhoneNumber.Test.csproj", "{245F863A-A5E3-4AF1-BE24-578443B8027F}"
EndProject
Global
	GlobalSection(SolutionConfigurationPlatforms) = preSolution
		Debug|Any CPU = Debug|Any CPU
		Release|Any CPU = Release|Any CPU
	EndGlobalSection
	GlobalSection(ProjectConfigurationPlatforms) = postSolution
		{997C9FA9-C76D-4C82-AEF6-3ACF6ACD9A02}.Debug|Any CPU.ActiveCfg = Debug|Any CPU
		{997C9FA9-C76D-4C82-AEF6-3ACF6ACD9A02}.Debug|Any CPU.Build.0 = Debug|Any CPU
		{997C9FA9-C76D-4C82-AEF6-3ACF6ACD9A02}.Release|Any CPU.ActiveCfg = Release|Any CPU
		{997C9FA9-C76D-4C82-AEF6-3ACF6ACD9A02}.Release|Any CPU.Build.0 = Release|Any CPU
		{B0E04297-4E3E-4685-9A01-9FC55756DF3B}.Debug|Any CPU.ActiveCfg = Debug|Any CPU
		{B0E04297-4E3E-4685-9A01-9FC55756DF3B}.Debug|Any CPU.Build.0 = Debug|Any CPU
		{B0E04297-4E3E-4685-9A01-9FC55756DF3B}.Release|Any CPU.ActiveCfg = Release|Any CPU
		{B0E04297-4E3E-4685-9A01-9FC55756DF3B}.Release|Any CPU.Build.0 = Release|Any CPU
		{BE3B6E44-CE5F-490C-AD0A-D14BD71102B4}.Debug|Any CPU.ActiveCfg = Debug|Any CPU
		{BE3B6E44-CE5F-490C-AD0A-D14BD71102B4}.Debug|Any CPU.Build.0 = Debug|Any CPU
		{BE3B6E44-CE5F-490C-AD0A-D14BD71102B4}.Release|Any CPU.ActiveCfg = Release|Any CPU
		{BE3B6E44-CE5F-490C-AD0A-D14BD71102B4}.Release|Any CPU.Build.0 = Release|Any CPU
		{81E21D79-2631-4CE3-A66A-42B4B86BEA89}.Debug|Any CPU.ActiveCfg = Debug|Any CPU
		{81E21D79-2631-4CE3-A66A-42B4B86BEA89}.Debug|Any CPU.Build.0 = Debug|Any CPU
		{81E21D79-2631-4CE3-A66A-42B4B86BEA89}.Release|Any CPU.ActiveCfg = Release|Any CPU
		{81E21D79-2631-4CE3-A66A-42B4B86BEA89}.Release|Any CPU.Build.0 = Release|Any CPU
		{F3293947-2A7C-4AF5-981B-416BE1203478}.Debug|Any CPU.ActiveCfg = Debug|Any CPU
		{F3293947-2A7C-4AF5-981B-416BE1203478}.Debug|Any CPU.Build.0 = Debug|Any CPU
		{F3293947-2A7C-4AF5-981B-416BE1203478}.Release|Any CPU.ActiveCfg = Release|Any CPU
		{F3293947-2A7C-4AF5-981B-416BE1203478}.Release|Any CPU.Build.0 = Release|Any CPU
		{78744770-4022-43A8-986B-AF74B333CFDA}.Debug|Any CPU.ActiveCfg = Debug|Any CPU
		{78744770-4022-43A8-986B-AF74B333CFDA}.Debug|Any CPU.Build.0 = Debug|Any CPU
		{78744770-4022-43A8-986B-AF74B333CFDA}.Release|Any CPU.ActiveCfg = Release|Any CPU
		{78744770-4022-43A8-986B-AF74B333CFDA}.Release|Any CPU.Build.0 = Release|Any CPU
		{7F7ED935-A27E-4719-A339-39940DC4C893}.Debug|Any CPU.ActiveCfg = Debug|Any CPU
		{7F7ED935-A27E-4719-A339-39940DC4C893}.Debug|Any CPU.Build.0 = Debug|Any CPU
		{7F7ED935-A27E-4719-A339-39940DC4C893}.Release|Any CPU.ActiveCfg = Release|Any CPU
		{7F7ED935-A27E-4719-A339-39940DC4C893}.Release|Any CPU.Build.0 = Release|Any CPU
		{F25EA38F-CD78-4F35-AFCF-6B95E9C2EDEE}.Debug|Any CPU.ActiveCfg = Debug|Any CPU
		{F25EA38F-CD78-4F35-AFCF-6B95E9C2EDEE}.Debug|Any CPU.Build.0 = Debug|Any CPU
		{F25EA38F-CD78-4F35-AFCF-6B95E9C2EDEE}.Release|Any CPU.ActiveCfg = Release|Any CPU
		{F25EA38F-CD78-4F35-AFCF-6B95E9C2EDEE}.Release|Any CPU.Build.0 = Release|Any CPU
		{209D54F8-43E6-4DEC-9CB1-94002A86A2E6}.Debug|Any CPU.ActiveCfg = Debug|Any CPU
		{209D54F8-43E6-4DEC-9CB1-94002A86A2E6}.Debug|Any CPU.Build.0 = Debug|Any CPU
		{209D54F8-43E6-4DEC-9CB1-94002A86A2E6}.Release|Any CPU.ActiveCfg = Release|Any CPU
		{209D54F8-43E6-4DEC-9CB1-94002A86A2E6}.Release|Any CPU.Build.0 = Release|Any CPU
		{98A064DA-788B-43CD-ACEA-ADC795663B52}.Debug|Any CPU.ActiveCfg = Debug|Any CPU
		{98A064DA-788B-43CD-ACEA-ADC795663B52}.Debug|Any CPU.Build.0 = Debug|Any CPU
		{98A064DA-788B-43CD-ACEA-ADC795663B52}.Release|Any CPU.ActiveCfg = Release|Any CPU
		{98A064DA-788B-43CD-ACEA-ADC795663B52}.Release|Any CPU.Build.0 = Release|Any CPU
		{D585EF90-0FE0-48B7-941D-94AFA2D3BA6A}.Debug|Any CPU.ActiveCfg = Debug|Any CPU
		{D585EF90-0FE0-48B7-941D-94AFA2D3BA6A}.Debug|Any CPU.Build.0 = Debug|Any CPU
		{D585EF90-0FE0-48B7-941D-94AFA2D3BA6A}.Release|Any CPU.ActiveCfg = Release|Any CPU
		{D585EF90-0FE0-48B7-941D-94AFA2D3BA6A}.Release|Any CPU.Build.0 = Release|Any CPU
		{46898429-A16C-4937-8D92-3E32D35017EC}.Debug|Any CPU.ActiveCfg = Debug|Any CPU
		{46898429-A16C-4937-8D92-3E32D35017EC}.Debug|Any CPU.Build.0 = Debug|Any CPU
		{46898429-A16C-4937-8D92-3E32D35017EC}.Release|Any CPU.ActiveCfg = Release|Any CPU
		{46898429-A16C-4937-8D92-3E32D35017EC}.Release|Any CPU.Build.0 = Release|Any CPU
		{F8D1F3C6-6EAD-404E-A2A2-4D5E2DDEFD8A}.Debug|Any CPU.ActiveCfg = Debug|Any CPU
		{F8D1F3C6-6EAD-404E-A2A2-4D5E2DDEFD8A}.Debug|Any CPU.Build.0 = Debug|Any CPU
		{F8D1F3C6-6EAD-404E-A2A2-4D5E2DDEFD8A}.Release|Any CPU.ActiveCfg = Release|Any CPU
		{F8D1F3C6-6EAD-404E-A2A2-4D5E2DDEFD8A}.Release|Any CPU.Build.0 = Release|Any CPU
		{245F863A-A5E3-4AF1-BE24-578443B8027F}.Debug|Any CPU.ActiveCfg = Debug|Any CPU
		{245F863A-A5E3-4AF1-BE24-578443B8027F}.Debug|Any CPU.Build.0 = Debug|Any CPU
		{245F863A-A5E3-4AF1-BE24-578443B8027F}.Release|Any CPU.ActiveCfg = Release|Any CPU
		{245F863A-A5E3-4AF1-BE24-578443B8027F}.Release|Any CPU.Build.0 = Release|Any CPU
	EndGlobalSection
	GlobalSection(SolutionProperties) = preSolution
		HideSolutionNode = FALSE
	EndGlobalSection
	GlobalSection(ExtensibilityGlobals) = postSolution
		SolutionGuid = {9F424B46-2ED1-4E10-AFF7-9F70FCDF091A}
	EndGlobalSection
EndGlobal
